
Microsoft Visual Studio Solution File, Format Version 12.00
# Visual Studio Version 17
VisualStudioVersion = 17.6.33801.468
MinimumVisualStudioVersion = 10.0.40219.1
Project("{FAE04EC0-301F-11D3-BF4B-00C04F79EFBC}") = "MathFunc", "MathFunc\MathFunc.csproj", "{26D098D7-605C-4BCA-A559-B77830EF33BF}"
EndProject
Project("{FAE04EC0-301F-11D3-BF4B-00C04F79EFBC}") = "MathFuncTests", "MathFuncTests\MathFuncTests.csproj", "{D30CE5C2-8858-4D89-8DCD-8F3AED7C304E}"
EndProject
Global
	GlobalSection(SolutionConfigurationPlatforms) = preSolution
		Debug|Any CPU = Debug|Any CPU
		Release|Any CPU = Release|Any CPU
	EndGlobalSection
	GlobalSection(ProjectConfigurationPlatforms) = postSolution
		{26D098D7-605C-4BCA-A559-B77830EF33BF}.Debug|Any CPU.ActiveCfg = Debug|Any CPU
		{26D098D7-605C-4BCA-A559-B77830EF33BF}.Debug|Any CPU.Build.0 = Debug|Any CPU
		{26D098D7-605C-4BCA-A559-B77830EF33BF}.Release|Any CPU.ActiveCfg = Release|Any CPU
		{26D098D7-605C-4BCA-A559-B77830EF33BF}.Release|Any CPU.Build.0 = Release|Any CPU
		{D30CE5C2-8858-4D89-8DCD-8F3AED7C304E}.Debug|Any CPU.ActiveCfg = Debug|Any CPU
		{D30CE5C2-8858-4D89-8DCD-8F3AED7C304E}.Debug|Any CPU.Build.0 = Debug|Any CPU
		{D30CE5C2-8858-4D89-8DCD-8F3AED7C304E}.Release|Any CPU.ActiveCfg = Release|Any CPU
		{D30CE5C2-8858-4D89-8DCD-8F3AED7C304E}.Release|Any CPU.Build.0 = Release|Any CPU
	EndGlobalSection
	GlobalSection(SolutionProperties) = preSolution
		HideSolutionNode = FALSE
	EndGlobalSection
	GlobalSection(ExtensibilityGlobals) = postSolution
		SolutionGuid = {5706CF75-FD40-4BCF-B001-8D2964D7440F}
	EndGlobalSection
EndGlobal
